<?xml version="1.0" encoding="utf-8"?>
<Project ToolsVersion="4.0" xmlns="http://schemas.microsoft.com/developer/msbuild/2003">
  <ItemGroup>
    <Filter Include="Source Files">
      <UniqueIdentifier>{4FC737F1-C7A5-4376-A066-2A32D752A2FF}</UniqueIdentifier>
      <Extensions>cpp;c;cc;cxx;def;odl;idl;hpj;bat;asm;asmx</Extensions>
    </Filter>
    <Filter Include="Header Files">
      <UniqueIdentifier>{93995380-89BD-4b04-88EB-625FBE52EBFB}</UniqueIdentifier>
      <Extensions>h;hh;hpp;hxx;hm;inl;inc;xsd</Extensions>
    </Filter>
    <Filter Include="Resource Files">
      <UniqueIdentifier>{67DA6AB6-F800-4c08-8B7A-83BB121AAD01}</UniqueIdentifier>
      <Extensions>rc;ico;cur;bmp;dlg;rc2;rct;bin;rgs;gif;jpg;jpeg;jpe;resx;tiff;tif;png;wav</Extensions>
    </Filter>
  </ItemGroup>
  <ItemGroup>
    <ClCompile Include="builtin.c">
      <Filter>Source Files</Filter>
    </ClCompile>
    <ClCompile Include="bytecode.c">
      <Filter>Source Files</Filter>
    </ClCompile>
    <ClCompile Include="compile.c">
      <Filter>Source Files</Filter>
    </ClCompile>
    <ClCompile Include="execute.c">
      <Filter>Source Files</Filter>
    </ClCompile>
    <ClCompile Include="jv.c">
      <Filter>Source Files</Filter>
    </ClCompile>
    <ClCompile Include="jv_alloc.c">
      <Filter>Source Files</Filter>
    </ClCompile>
    <ClCompile Include="jv_aux.c">
      <Filter>Source Files</Filter>
    </ClCompile>
    <ClCompile Include="jv_file.c">
      <Filter>Source Files</Filter>
    </ClCompile>
    <ClCompile Include="jv_parse.c">
      <Filter>Source Files</Filter>
    </ClCompile>
    <ClCompile Include="jv_unicode.c">
      <Filter>Source Files</Filter>
    </ClCompile>
    <ClCompile Include="lexer.c">
      <Filter>Source Files</Filter>
    </ClCompile>
    <ClCompile Include="linker.c">
      <Filter>Source Files</Filter>
    </ClCompile>
    <ClCompile Include="locfile.c">
      <Filter>Source Files</Filter>
    </ClCompile>
    <ClCompile Include="parser.c">
      <Filter>Source Files</Filter>
    </ClCompile>
    <ClCompile Include="util.c">
      <Filter>Source Files</Filter>
    </ClCompile>
    <ClCompile Include="jv_print.c">
      <Filter>Source Files</Filter>
    </ClCompile>
    <ClCompile Include="jv_dtoa.c">
      <Filter>Source Files</Filter>
    </ClCompile>
    <ClCompile Include="decNumber\decContext.c">
      <Filter>Source Files</Filter>
    </ClCompile>
    <ClCompile Include="decNumber\decNumber.c">
      <Filter>Source Files</Filter>
    </ClCompile>
    <ClCompile Include="jv_dtoa_tsd.c">
      <Filter>Source Files</Filter>
    </ClCompile>
  </ItemGroup>
  <ItemGroup>
    <ClInclude Include="builtin.h">
      <Filter>Header Files</Filter>
    </ClInclude>
    <ClInclude Include="bytecode.h">
      <Filter>Header Files</Filter>
    </ClInclude>
    <ClInclude Include="compile.h">
      <Filter>Header Files</Filter>
    </ClInclude>
    <ClInclude Include="exec_stack.h">
      <Filter>Header Files</Filter>
    </ClInclude>
    <ClInclude Include="jq.h">
      <Filter>Header Files</Filter>
    </ClInclude>
    <ClInclude Include="jq_parser.h">
      <Filter>Header Files</Filter>
    </ClInclude>
    <ClInclude Include="jv.h">
      <Filter>Header Files</Filter>
    </ClInclude>
    <ClInclude Include="jv_alloc.h">
      <Filter>Header Files</Filter>
    </ClInclude>
    <ClInclude Include="jv_dtoa.h">
      <Filter>Header Files</Filter>
    </ClInclude>
    <ClInclude Include="jv_unicode.h">
      <Filter>Header Files</Filter>
    </ClInclude>
    <ClInclude Include="jv_utf8_tables.h">
      <Filter>Header Files</Filter>
    </ClInclude>
    <ClInclude Include="lexer.h">
      <Filter>Header Files</Filter>
    </ClInclude>
    <ClInclude Include="libm.h">
      <Filter>Header Files</Filter>
    </ClInclude>
    <ClInclude Include="linker.h">
      <Filter>Header Files</Filter>
    </ClInclude>
    <ClInclude Include="locfile.h">
      <Filter>Header Files</Filter>
    </ClInclude>
    <ClInclude Include="opcode_list.h">
      <Filter>Header Files</Filter>
    </ClInclude>
    <ClInclude Include="parser.h">
      <Filter>Header Files</Filter>
    </ClInclude>
    <ClInclude Include="util.h">
      <Filter>Header Files</Filter>
    </ClInclude>
  </ItemGroup>
</Project>